
Microsoft Visual Studio Solution File, Format Version 12.00
# Visual Studio Version 16
VisualStudioVersion = 16.0.28803.156
MinimumVisualStudioVersion = 10.0.40219.1
Project("{FAE04EC0-301F-11D3-BF4B-00C04F79EFBC}") = "MyWarehouseUI", "MyWarehouseUI\MyWarehouseUI.csproj", "{FD13DE6D-103F-4E2E-B458-87E83212748A}"
EndProject
Global
	GlobalSection(SolutionConfigurationPlatforms) = preSolution
		Debug|Any CPU = Debug|Any CPU
		Release|Any CPU = Release|Any CPU
	EndGlobalSection
	GlobalSection(ProjectConfigurationPlatforms) = postSolution
		{FD13DE6D-103F-4E2E-B458-87E83212748A}.Debug|Any CPU.ActiveCfg = Debug|Any CPU
		{FD13DE6D-103F-4E2E-B458-87E83212748A}.Debug|Any CPU.Build.0 = Debug|Any CPU
		{FD13DE6D-103F-4E2E-B458-87E83212748A}.Release|Any CPU.ActiveCfg = Release|Any CPU
		{FD13DE6D-103F-4E2E-B458-87E83212748A}.Release|Any CPU.Build.0 = Release|Any CPU
	EndGlobalSection
	GlobalSection(SolutionProperties) = preSolution
		HideSolutionNode = FALSE
	EndGlobalSection
	GlobalSection(ExtensibilityGlobals) = postSolution
		SolutionGuid = {2E077784-17E4-424E-88DB-DCCEFC7F74FF}
	EndGlobalSection
EndGlobal
